// !$*UTF8*$!
{
	archiveVersion = 1;
	classes = {
	};
	objectVersion = 55;
	objects = {

/* Begin PBXBuildFile section */
		37DC71E0288958A7001E0A8A /* AppDelegate.swift in Sources */ = {isa = PBXBuildFile; fileRef = 37DC71DF288958A7001E0A8A /* AppDelegate.swift */; };
		37DC71E2288958A7001E0A8A /* SceneDelegate.swift in Sources */ = {isa = PBXBuildFile; fileRef = 37DC71E1288958A7001E0A8A /* SceneDelegate.swift */; };
		37DC71E7288958A7001E0A8A /* Main.storyboard in Resources */ = {isa = PBXBuildFile; fileRef = 37DC71E5288958A7001E0A8A /* Main.storyboard */; };
		37DC71EA288958A7001E0A8A /* TasksFastList.xcdatamodeld in Sources */ = {isa = PBXBuildFile; fileRef = 37DC71E8288958A7001E0A8A /* TasksFastList.xcdatamodeld */; };
		37DC71EC288958A8001E0A8A /* Assets.xcassets in Resources */ = {isa = PBXBuildFile; fileRef = 37DC71EB288958A8001E0A8A /* Assets.xcassets */; };
		37DC71EF288958A8001E0A8A /* LaunchScreen.storyboard in Resources */ = {isa = PBXBuildFile; fileRef = 37DC71ED288958A8001E0A8A /* LaunchScreen.storyboard */; };
		37DC720028895B7D001E0A8A /* ListTableViewController.swift in Sources */ = {isa = PBXBuildFile; fileRef = 37DC71FF28895B7D001E0A8A /* ListTableViewController.swift */; };
/* End PBXBuildFile section */

/* Begin PBXFileReference section */
		37DC71DC288958A7001E0A8A /* TasksFastList.app */ = {isa = PBXFileReference; explicitFileType = wrapper.application; includeInIndex = 0; path = TasksFastList.app; sourceTree = BUILT_PRODUCTS_DIR; };
		37DC71DF288958A7001E0A8A /* AppDelegate.swift */ = {isa = PBXFileReference; lastKnownFileType = sourcecode.swift; path = AppDelegate.swift; sourceTree = "<group>"; };
		37DC71E1288958A7001E0A8A /* SceneDelegate.swift */ = {isa = PBXFileReference; lastKnownFileType = sourcecode.swift; path = SceneDelegate.swift; sourceTree = "<group>"; };
		37DC71E6288958A7001E0A8A /* Base */ = {isa = PBXFileReference; lastKnownFileType = file.storyboard; name = Base; path = Base.lproj/Main.storyboard; sourceTree = "<group>"; };
		37DC71E9288958A7001E0A8A /* TasksFastList.xcdatamodel */ = {isa = PBXFileReference; lastKnownFileType = wrapper.xcdatamodel; path = TasksFastList.xcdatamodel; sourceTree = "<group>"; };
		37DC71EB288958A8001E0A8A /* Assets.xcassets */ = {isa = PBXFileReference; lastKnownFileType = folder.assetcatalog; path = Assets.xcassets; sourceTree = "<group>"; };
		37DC71EE288958A8001E0A8A /* Base */ = {isa = PBXFileReference; lastKnownFileType = file.storyboard; name = Base; path = Base.lproj/LaunchScreen.storyboard; sourceTree = "<group>"; };
		37DC71F0288958A8001E0A8A /* Info.plist */ = {isa = PBXFileReference; lastKnownFileType = text.plist.xml; path = Info.plist; sourceTree = "<group>"; };
		37DC71FF28895B7D001E0A8A /* ListTableViewController.swift */ = {isa = PBXFileReference; lastKnownFileType = sourcecode.swift; path = ListTableViewController.swift; sourceTree = "<group>"; };
/* End PBXFileReference section */

/* Begin PBXFrameworksBuildPhase section */
		37DC71D9288958A7001E0A8A /* Frameworks */ = {
			isa = PBXFrameworksBuildPhase;
			buildActionMask = 2147483647;
			files = (
			);
			runOnlyForDeploymentPostprocessing = 0;
		};
/* End PBXFrameworksBuildPhase section */

/* Begin PBXGroup section */
		37DC71D3288958A7001E0A8A = {
			isa = PBXGroup;
			children = (
				37DC71DE288958A7001E0A8A /* TasksFastList */,
				37DC71DD288958A7001E0A8A /* Products */,
			);
			sourceTree = "<group>";
		};
		37DC71DD288958A7001E0A8A /* Products */ = {
			isa = PBXGroup;
			children = (
				37DC71DC288958A7001E0A8A /* TasksFastList.app */,
			);
			name = Products;
			sourceTree = "<group>";
		};
		37DC71DE288958A7001E0A8A /* TasksFastList */ = {
			isa = PBXGroup;
			children = (
				37DC71F828895AD8001E0A8A /* App */,
				37DC71F728895ACD001E0A8A /* List */,
				37DC71F628895A4D001E0A8A /* Supporting files */,
			);
			path = TasksFastList;
			sourceTree = "<group>";
		};
		37DC71F628895A4D001E0A8A /* Supporting files */ = {
			isa = PBXGroup;
			children = (
				37DC71EB288958A8001E0A8A /* Assets.xcassets */,
				37DC71F0288958A8001E0A8A /* Info.plist */,
			);
			path = "Supporting files";
			sourceTree = "<group>";
		};
		37DC71F728895ACD001E0A8A /* List */ = {
			isa = PBXGroup;
			children = (
				37DC71FE28895B0C001E0A8A /* Model */,
				37DC71FB28895AF6001E0A8A /* View */,
				37DC71FA28895AF0001E0A8A /* Controller */,
			);
			path = List;
			sourceTree = "<group>";
		};
		37DC71F828895AD8001E0A8A /* App */ = {
			isa = PBXGroup;
			children = (
				37DC71FD28895B04001E0A8A /* Model */,
				37DC71FC28895AFF001E0A8A /* View */,
				37DC71F928895AE2001E0A8A /* Controller */,
			);
			path = App;
			sourceTree = "<group>";
		};
		37DC71F928895AE2001E0A8A /* Controller */ = {
			isa = PBXGroup;
			children = (
				37DC71DF288958A7001E0A8A /* AppDelegate.swift */,
				37DC71E1288958A7001E0A8A /* SceneDelegate.swift */,
			);
			path = Controller;
			sourceTree = "<group>";
		};
		37DC71FA28895AF0001E0A8A /* Controller */ = {
			isa = PBXGroup;
			children = (
				37DC71FF28895B7D001E0A8A /* ListTableViewController.swift */,
			);
			path = Controller;
			sourceTree = "<group>";
		};
		37DC71FB28895AF6001E0A8A /* View */ = {
			isa = PBXGroup;
			children = (
				37DC71E5288958A7001E0A8A /* Main.storyboard */,
			);
			path = View;
			sourceTree = "<group>";
		};
		37DC71FC28895AFF001E0A8A /* View */ = {
			isa = PBXGroup;
			children = (
				37DC71ED288958A8001E0A8A /* LaunchScreen.storyboard */,
			);
			path = View;
			sourceTree = "<group>";
		};
		37DC71FD28895B04001E0A8A /* Model */ = {
			isa = PBXGroup;
			children = (
			);
			path = Model;
			sourceTree = "<group>";
		};
		37DC71FE28895B0C001E0A8A /* Model */ = {
			isa = PBXGroup;
			children = (
				37DC71E8288958A7001E0A8A /* TasksFastList.xcdatamodeld */,
			);
			path = Model;
			sourceTree = "<group>";
		};
/* End PBXGroup section */

/* Begin PBXNativeTarget section */
		37DC71DB288958A7001E0A8A /* TasksFastList */ = {
			isa = PBXNativeTarget;
			buildConfigurationList = 37DC71F3288958A8001E0A8A /* Build configuration list for PBXNativeTarget "TasksFastList" */;
			buildPhases = (
				37DC71D8288958A7001E0A8A /* Sources */,
				37DC71D9288958A7001E0A8A /* Frameworks */,
				37DC71DA288958A7001E0A8A /* Resources */,
			);
			buildRules = (
			);
			dependencies = (
			);
			name = TasksFastList;
			productName = TasksFastList;
			productReference = 37DC71DC288958A7001E0A8A /* TasksFastList.app */;
			productType = "com.apple.product-type.application";
		};
/* End PBXNativeTarget section */

/* Begin PBXProject section */
		37DC71D4288958A7001E0A8A /* Project object */ = {
			isa = PBXProject;
			attributes = {
				BuildIndependentTargetsInParallel = 1;
				LastSwiftUpdateCheck = 1340;
				LastUpgradeCheck = 1340;
				TargetAttributes = {
					37DC71DB288958A7001E0A8A = {
						CreatedOnToolsVersion = 13.4.1;
					};
				};
			};
			buildConfigurationList = 37DC71D7288958A7001E0A8A /* Build configuration list for PBXProject "TasksFastList" */;
			compatibilityVersion = "Xcode 13.0";
			developmentRegion = en;
			hasScannedForEncodings = 0;
			knownRegions = (
				en,
				Base,
			);
			mainGroup = 37DC71D3288958A7001E0A8A;
			productRefGroup = 37DC71DD288958A7001E0A8A /* Products */;
			projectDirPath = "";
			projectRoot = "";
			targets = (
				37DC71DB288958A7001E0A8A /* TasksFastList */,
			);
		};
/* End PBXProject section */

/* Begin PBXResourcesBuildPhase section */
		37DC71DA288958A7001E0A8A /* Resources */ = {
			isa = PBXResourcesBuildPhase;
			buildActionMask = 2147483647;
			files = (
				37DC71EF288958A8001E0A8A /* LaunchScreen.storyboard in Resources */,
				37DC71EC288958A8001E0A8A /* Assets.xcassets in Resources */,
				37DC71E7288958A7001E0A8A /* Main.storyboard in Resources */,
			);
			runOnlyForDeploymentPostprocessing = 0;
		};
/* End PBXResourcesBuildPhase section */

/* Begin PBXSourcesBuildPhase section */
		37DC71D8288958A7001E0A8A /* Sources */ = {
			isa = PBXSourcesBuildPhase;
			buildActionMask = 2147483647;
			files = (
				37DC71E0288958A7001E0A8A /* AppDelegate.swift in Sources */,
				37DC71EA288958A7001E0A8A /* TasksFastList.xcdatamodeld in Sources */,
				37DC71E2288958A7001E0A8A /* SceneDelegate.swift in Sources */,
				37DC720028895B7D001E0A8A /* ListTableViewController.swift in Sources */,
			);
			runOnlyForDeploymentPostprocessing = 0;
		};
/* End PBXSourcesBuildPhase section */

/* Begin PBXVariantGroup section */
		37DC71E5288958A7001E0A8A /* Main.storyboard */ = {
			isa = PBXVariantGroup;
			children = (
				37DC71E6288958A7001E0A8A /* Base */,
			);
			name = Main.storyboard;
			sourceTree = "<group>";
		};
		37DC71ED288958A8001E0A8A /* LaunchScreen.storyboard */ = {
			isa = PBXVariantGroup;
			children = (
				37DC71EE288958A8001E0A8A /* Base */,
			);
			name = LaunchScreen.storyboard;
			sourceTree = "<group>";
		};
/* End PBXVariantGroup section */

/* Begin XCBuildConfiguration section */
		37DC71F1288958A8001E0A8A /* Debug */ = {
			isa = XCBuildConfiguration;
			buildSettings = {
				ALWAYS_SEARCH_USER_PATHS = NO;
				CLANG_ANALYZER_NONNULL = YES;
				CLANG_ANALYZER_NUMBER_OBJECT_CONVERSION = YES_AGGRESSIVE;
				CLANG_CXX_LANGUAGE_STANDARD = "gnu++17";
				CLANG_ENABLE_MODULES = YES;
				CLANG_ENABLE_OBJC_ARC = YES;
				CLANG_ENABLE_OBJC_WEAK = YES;
				CLANG_WARN_BLOCK_CAPTURE_AUTORELEASING = YES;
				CLANG_WARN_BOOL_CONVERSION = YES;
				CLANG_WARN_COMMA = YES;
				CLANG_WARN_CONSTANT_CONVERSION = YES;
				CLANG_WARN_DEPRECATED_OBJC_IMPLEMENTATIONS = YES;
				CLANG_WARN_DIRECT_OBJC_ISA_USAGE = YES_ERROR;
				CLANG_WARN_DOCUMENTATION_COMMENTS = YES;
				CLANG_WARN_EMPTY_BODY = YES;
				CLANG_WARN_ENUM_CONVERSION = YES;
				CLANG_WARN_INFINITE_RECURSION = YES;
				CLANG_WARN_INT_CONVERSION = YES;
				CLANG_WARN_NON_LITERAL_NULL_CONVERSION = YES;
				CLANG_WARN_OBJC_IMPLICIT_RETAIN_SELF = YES;
				CLANG_WARN_OBJC_LITERAL_CONVERSION = YES;
				CLANG_WARN_OBJC_ROOT_CLASS = YES_ERROR;
				CLANG_WARN_QUOTED_INCLUDE_IN_FRAMEWORK_HEADER = YES;
				CLANG_WARN_RANGE_LOOP_ANALYSIS = YES;
				CLANG_WARN_STRICT_PROTOTYPES = YES;
				CLANG_WARN_SUSPICIOUS_MOVE = YES;
				CLANG_WARN_UNGUARDED_AVAILABILITY = YES_AGGRESSIVE;
				CLANG_WARN_UNREACHABLE_CODE = YES;
				CLANG_WARN__DUPLICATE_METHOD_MATCH = YES;
				COPY_PHASE_STRIP = NO;
				DEBUG_INFORMATION_FORMAT = dwarf;
				ENABLE_STRICT_OBJC_MSGSEND = YES;
				ENABLE_TESTABILITY = YES;
				GCC_C_LANGUAGE_STANDARD = gnu11;
				GCC_DYNAMIC_NO_PIC = NO;
				GCC_NO_COMMON_BLOCKS = YES;
				GCC_OPTIMIZATION_LEVEL = 0;
				GCC_PREPROCESSOR_DEFINITIONS = (
					"DEBUG=1",
					"$(inherited)",
				);
				GCC_WARN_64_TO_32_BIT_CONVERSION = YES;
				GCC_WARN_ABOUT_RETURN_TYPE = YES_ERROR;
				GCC_WARN_UNDECLARED_SELECTOR = YES;
				GCC_WARN_UNINITIALIZED_AUTOS = YES_AGGRESSIVE;
				GCC_WARN_UNUSED_FUNCTION = YES;
				GCC_WARN_UNUSED_VARIABLE = YES;
				IPHONEOS_DEPLOYMENT_TARGET = 15.5;
				MTL_ENABLE_DEBUG_INFO = INCLUDE_SOURCE;
				MTL_FAST_MATH = YES;
				ONLY_ACTIVE_ARCH = YES;
				SDKROOT = iphoneos;
				SWIFT_ACTIVE_COMPILATION_CONDITIONS = DEBUG;
				SWIFT_OPTIMIZATION_LEVEL = "-Onone";
			};
			name = Debug;
		};
		37DC71F2288958A8001E0A8A /* Release */ = {
			isa = XCBuildConfiguration;
			buildSettings = {
				ALWAYS_SEARCH_USER_PATHS = NO;
				CLANG_ANALYZER_NONNULL = YES;
				CLANG_ANALYZER_NUMBER_OBJECT_CONVERSION = YES_AGGRESSIVE;
				CLANG_CXX_LANGUAGE_STANDARD = "gnu++17";
				CLANG_ENABLE_MODULES = YES;
				CLANG_ENABLE_OBJC_ARC = YES;
				CLANG_ENABLE_OBJC_WEAK = YES;
				CLANG_WARN_BLOCK_CAPTURE_AUTORELEASING = YES;
				CLANG_WARN_BOOL_CONVERSION = YES;
				CLANG_WARN_COMMA = YES;
				CLANG_WARN_CONSTANT_CONVERSION = YES;
				CLANG_WARN_DEPRECATED_OBJC_IMPLEMENTATIONS = YES;
				CLANG_WARN_DIRECT_OBJC_ISA_USAGE = YES_ERROR;
				CLANG_WARN_DOCUMENTATION_COMMENTS = YES;
				CLANG_WARN_EMPTY_BODY = YES;
				CLANG_WARN_ENUM_CONVERSION = YES;
				CLANG_WARN_INFINITE_RECURSION = YES;
				CLANG_WARN_INT_CONVERSION = YES;
				CLANG_WARN_NON_LITERAL_NULL_CONVERSION = YES;
				CLANG_WARN_OBJC_IMPLICIT_RETAIN_SELF = YES;
				CLANG_WARN_OBJC_LITERAL_CONVERSION = YES;
				CLANG_WARN_OBJC_ROOT_CLASS = YES_ERROR;
				CLANG_WARN_QUOTED_INCLUDE_IN_FRAMEWORK_HEADER = YES;
				CLANG_WARN_RANGE_LOOP_ANALYSIS = YES;
				CLANG_WARN_STRICT_PROTOTYPES = YES;
				CLANG_WARN_SUSPICIOUS_MOVE = YES;
				CLANG_WARN_UNGUARDED_AVAILABILITY = YES_AGGRESSIVE;
				CLANG_WARN_UNREACHABLE_CODE = YES;
				CLANG_WARN__DUPLICATE_METHOD_MATCH = YES;
				COPY_PHASE_STRIP = NO;
				DEBUG_INFORMATION_FORMAT = "dwarf-with-dsym";
				ENABLE_NS_ASSERTIONS = NO;
				ENABLE_STRICT_OBJC_MSGSEND = YES;
				GCC_C_LANGUAGE_STANDARD = gnu11;
				GCC_NO_COMMON_BLOCKS = YES;
				GCC_WARN_64_TO_32_BIT_CONVERSION = YES;
				GCC_WARN_ABOUT_RETURN_TYPE = YES_ERROR;
				GCC_WARN_UNDECLARED_SELECTOR = YES;
				GCC_WARN_UNINITIALIZED_AUTOS = YES_AGGRESSIVE;
				GCC_WARN_UNUSED_FUNCTION = YES;
				GCC_WARN_UNUSED_VARIABLE = YES;
				IPHONEOS_DEPLOYMENT_TARGET = 15.5;
				MTL_ENABLE_DEBUG_INFO = NO;
				MTL_FAST_MATH = YES;
				SDKROOT = iphoneos;
				SWIFT_COMPILATION_MODE = wholemodule;
				SWIFT_OPTIMIZATION_LEVEL = "-O";
				VALIDATE_PRODUCT = YES;
			};
			name = Release;
		};
		37DC71F4288958A8001E0A8A /* Debug */ = {
			isa = XCBuildConfiguration;
			buildSettings = {
				ASSETCATALOG_COMPILER_APPICON_NAME = AppIcon;
				ASSETCATALOG_COMPILER_GLOBAL_ACCENT_COLOR_NAME = AccentColor;
				CODE_SIGN_STYLE = Automatic;
				CURRENT_PROJECT_VERSION = 1;
				DEVELOPMENT_TEAM = X8852RDP32;
				GENERATE_INFOPLIST_FILE = YES;
				INFOPLIST_FILE = "TasksFastList/Supporting files/Info.plist";
				INFOPLIST_KEY_UIApplicationSupportsIndirectInputEvents = YES;
				INFOPLIST_KEY_UILaunchStoryboardName = LaunchScreen;
				INFOPLIST_KEY_UIMainStoryboardFile = Main;
				INFOPLIST_KEY_UISupportedInterfaceOrientations = UIInterfaceOrientationPortrait;
				INFOPLIST_KEY_UISupportedInterfaceOrientations_iPad = "UIInterfaceOrientationPortrait UIInterfaceOrientationPortraitUpsideDown UIInterfaceOrientationLandscapeLeft UIInterfaceOrientationLandscapeRight";
				INFOPLIST_KEY_UISupportedInterfaceOrientations_iPhone = "UIInterfaceOrientationPortrait UIInterfaceOrientationLandscapeLeft UIInterfaceOrientationLandscapeRight";
				LD_RUNPATH_SEARCH_PATHS = (
					"$(inherited)",
					"@executable_path/Frameworks",
				);
				MARKETING_VERSION = 1.0;
				PRODUCT_BUNDLE_IDENTIFIER = "ru.rus-volk.TasksFastList";
				PRODUCT_NAME = "$(TARGET_NAME)";
				SWIFT_EMIT_LOC_STRINGS = YES;
				SWIFT_VERSION = 5.0;
				TARGETED_DEVICE_FAMILY = 1;
			};
			name = Debug;
		};
		37DC71F5288958A8001E0A8A /* Release */ = {
			isa = XCBuildConfiguration;
			buildSettings = {
				ASSETCATALOG_COMPILER_APPICON_NAME = AppIcon;
				ASSETCATALOG_COMPILER_GLOBAL_ACCENT_COLOR_NAME = AccentColor;
				CODE_SIGN_STYLE = Automatic;
				CURRENT_PROJECT_VERSION = 1;
				DEVELOPMENT_TEAM = X8852RDP32;
				GENERATE_INFOPLIST_FILE = YES;
				INFOPLIST_FILE = "TasksFastList/Supporting files/Info.plist";
				INFOPLIST_KEY_UIApplicationSupportsIndirectInputEvents = YES;
				INFOPLIST_KEY_UILaunchStoryboardName = LaunchScreen;
				INFOPLIST_KEY_UIMainStoryboardFile = Main;
				INFOPLIST_KEY_UISupportedInterfaceOrientations = UIInterfaceOrientationPortrait;
				INFOPLIST_KEY_UISupportedInterfaceOrientations_iPad = "UIInterfaceOrientationPortrait UIInterfaceOrientationPortraitUpsideDown UIInterfaceOrientationLandscapeLeft UIInterfaceOrientationLandscapeRight";
				INFOPLIST_KEY_UISupportedInterfaceOrientations_iPhone = "UIInterfaceOrientationPortrait UIInterfaceOrientationLandscapeLeft UIInterfaceOrientationLandscapeRight";
				LD_RUNPATH_SEARCH_PATHS = (
					"$(inherited)",
					"@executable_path/Frameworks",
				);
				MARKETING_VERSION = 1.0;
				PRODUCT_BUNDLE_IDENTIFIER = "ru.rus-volk.TasksFastList";
				PRODUCT_NAME = "$(TARGET_NAME)";
				SWIFT_EMIT_LOC_STRINGS = YES;
				SWIFT_VERSION = 5.0;
				TARGETED_DEVICE_FAMILY = 1;
			};
			name = Release;
		};
/* End XCBuildConfiguration section */

/* Begin XCConfigurationList section */
		37DC71D7288958A7001E0A8A /* Build configuration list for PBXProject "TasksFastList" */ = {
			isa = XCConfigurationList;
			buildConfigurations = (
				37DC71F1288958A8001E0A8A /* Debug */,
				37DC71F2288958A8001E0A8A /* Release */,
			);
			defaultConfigurationIsVisible = 0;
			defaultConfigurationName = Release;
		};
		37DC71F3288958A8001E0A8A /* Build configuration list for PBXNativeTarget "TasksFastList" */ = {
			isa = XCConfigurationList;
			buildConfigurations = (
				37DC71F4288958A8001E0A8A /* Debug */,
				37DC71F5288958A8001E0A8A /* Release */,
			);
			defaultConfigurationIsVisible = 0;
			defaultConfigurationName = Release;
		};
/* End XCConfigurationList section */

/* Begin XCVersionGroup section */
		37DC71E8288958A7001E0A8A /* TasksFastList.xcdatamodeld */ = {
			isa = XCVersionGroup;
			children = (
				37DC71E9288958A7001E0A8A /* TasksFastList.xcdatamodel */,
			);
			currentVersion = 37DC71E9288958A7001E0A8A /* TasksFastList.xcdatamodel */;
			path = TasksFastList.xcdatamodeld;
			sourceTree = "<group>";
			versionGroupType = wrapper.xcdatamodel;
		};
/* End XCVersionGroup section */
	};
	rootObject = 37DC71D4288958A7001E0A8A /* Project object */;
}
